{
  "version": 4,
  "terraform_version": "1.9.5",
  "serial": 78,
  "lineage": "ac3096a0-63c5-2a46-c56f-72c82abc973f",
  "outputs": {},
  "resources": [
    {
      "module": "module.eks-cluster",
      "mode": "managed",
      "type": "aws_eks_cluster",
      "name": "eks",
      "provider": "provider[\"registry.terraform.io/hashicorp/aws\"]",
      "instances": [
        {
          "index_key": "mk-cluster-1",
          "schema_version": 1,
          "attributes": {
            "access_config": [
              {
                "authentication_mode": "CONFIG_MAP",
                "bootstrap_cluster_creator_admin_permissions": true
              }
            ],
            "arn": "arn:aws:eks:us-east-1:345594569214:cluster/mk-eks-cluster",
            "bootstrap_self_managed_addons": true,
            "certificate_authority": [
              {
                "data": "LS0tLS1CRUdJTiBDRVJUSUZJQ0FURS0tLS0tCk1JSURCVENDQWUyZ0F3SUJBZ0lJYjA0TDRvMEhRRU13RFFZSktvWklodmNOQVFFTEJRQXdGVEVUTUJFR0ExVUUKQXhNS2EzVmlaWEp1WlhSbGN6QWVGdzB5TkRBNU1EUXhNakE1TXpCYUZ3MHpOREE1TURJeE1qRTBNekJhTUJVeApFekFSQmdOVkJBTVRDbXQxWW1WeWJtVjBaWE13Z2dFaU1BMEdDU3FHU0liM0RRRUJBUVVBQTRJQkR3QXdnZ0VLCkFvSUJBUURYOGdsUnBsUFpDZmRwNWdReFRpMVJKYVZLemVMWVNWOG1OazB4UTJDdGFTNXRhd0piL0dhck1URTgKR2hxcjNBRXptajA0TWtzTkNyQlFMdHBIODlaaVFBRUNSRTB5Vm1NYkxHQTRDS1NoclhzaU9GZVBiV0J4SHlSLwp2YzdDTEVZN3ZBRXhKNkU0dHNXK05GZTNPRnZZTzJIdTRBQ1NKTjdQVU5rTC93ZHA0R0ZzRVdDdDlpZjZ4aHhjClIvL2NJazRSZ2tJRFRMbjRUbE9MbEFVTmRZZ0MyOWNIT1ZOcTBFRnJTWUxjc3lnNkhKWUVaVkdwTHBCUkxzb3gKTzJ6Si9MZk5vQUVHS3JvMEJTZ00zSDQrd0R5TnkrbldZYlltcjNPVEQ1WkNnaW1MaGNoNHNJTUI5ZFJHeFRncApSR2xtNFZCSmx3QjltUEpvOHR5cVR1Zm40Kys3QWdNQkFBR2pXVEJYTUE0R0ExVWREd0VCL3dRRUF3SUNwREFQCkJnTlZIUk1CQWY4RUJUQURBUUgvTUIwR0ExVWREZ1FXQkJSd3FqQVp3L0l2TEVRSndwNHZFYzMxSnlvSzNUQVYKQmdOVkhSRUVEakFNZ2dwcmRXSmxjbTVsZEdWek1BMEdDU3FHU0liM0RRRUJDd1VBQTRJQkFRQllTQ3dQK1ViTwpIZ1Q3WE1RY2FNRTBJRkhXWHNHTHduTVlyVDZWQm5pK2N2VVVlTDV2UWFyU3FwNUZjUHlSb0ZkU2pjajdqVGlyClZNN29oVlZtMCtPRk5xVGZSZGdMYUtxZGU2STFJclZCSFFIakg5SnEyNVpwdFUwUWtsak9jNWJtenFXWXdvMXMKOUJsdjRwdEk2cm03ZkxId2tXaXZick1JS0toR2VJWUF5ZlUyU2h4WlJzT0JrcU1qN2ZVbEhPYlpDNXoybHFnWQpsUWI1aTlvZ01IczUxNVA0ZitsOXY2ZHF3RnZlOHFzL1BvTGdMME80RU96cWN5VTRhSjBVakpCYTBWWHMrOERNClNuUU5OdWE2WCtYWEVrRjVHeW1ybUJ3NDRMWEt6TEE1MTRBMm5oVWxuQnhFQ1VFWmhuNi8rOG9KRExhVWtGWEEKdjJ1elpPU3RWNVV1Ci0tLS0tRU5EIENFUlRJRklDQVRFLS0tLS0K"
              }
            ],
            "cluster_id": null,
            "created_at": "2024-09-04 12:10:08.153 +0000 UTC",
            "enabled_cluster_log_types": [],
            "encryption_config": [],
            "endpoint": "https://D88D23B208908A3267FDE2993D3092D2.gr7.us-east-1.eks.amazonaws.com",
            "id": "mk-eks-cluster",
            "identity": [
              {
                "oidc": [
                  {
                    "issuer": "https://oidc.eks.us-east-1.amazonaws.com/id/D88D23B208908A3267FDE2993D3092D2"
                  }
                ]
              }
            ],
            "kubernetes_network_config": [
              {
                "ip_family": "ipv4",
                "service_ipv4_cidr": "172.20.0.0/16",
                "service_ipv6_cidr": ""
              }
            ],
            "name": "mk-eks-cluster",
            "outpost_config": [],
            "platform_version": "eks.11",
            "role_arn": "arn:aws:iam::345594569214:role/master",
            "status": "ACTIVE",
            "tags": {
              "Application": "EKS",
              "Environment": "Test",
              "Name": "mk-eks-cluster",
              "Owner": "Krishna"
            },
            "tags_all": {
              "Application": "EKS",
              "Environment": "Test",
              "Name": "mk-eks-cluster",
              "Owner": "Krishna"
            },
            "timeouts": null,
            "upgrade_policy": [
              {
                "support_type": "EXTENDED"
              }
            ],
            "version": "1.29",
            "vpc_config": [
              {
                "cluster_security_group_id": "sg-03f2da7f79b72e0e5",
                "endpoint_private_access": true,
                "endpoint_public_access": false,
                "public_access_cidrs": [],
                "security_group_ids": [
                  "sg-09aaf0be13bbbcc13"
                ],
                "subnet_ids": [
                  "subnet-044704b44bc5fe520",
                  "subnet-0e313dbe5f1bebc3e"
                ],
                "vpc_id": "vpc-01432e0a92659755d"
              }
            ]
          },
          "sensitive_attributes": [],
          "private": "eyJlMmJmYjczMC1lY2FhLTExZTYtOGY4OC0zNDM2M2JjN2M0YzAiOnsiY3JlYXRlIjoxODAwMDAwMDAwMDAwLCJkZWxldGUiOjkwMDAwMDAwMDAwMCwidXBkYXRlIjozNjAwMDAwMDAwMDAwfSwic2NoZW1hX3ZlcnNpb24iOiIxIn0=",
          "dependencies": [
            "module.eks-sgs.aws_security_group.eks-sg",
            "module.iam.aws_iam_role.cluster-roles",
            "module.iam.aws_iam_role_policy_attachment.master_role_policies",
            "module.iam.aws_iam_role_policy_attachment.node_role_policies",
            "module.subnets.aws_subnet.subnets",
            "module.vpc.aws_vpc.main"
          ]
        }
      ]
    },
    {
      "module": "module.eks-sgs",
      "mode": "managed",
      "type": "aws_security_group",
      "name": "eks-sg",
      "provider": "provider[\"registry.terraform.io/hashicorp/aws\"]",
      "instances": [
        {
          "index_key": "eks-security-group",
          "schema_version": 1,
          "attributes": {
            "arn": "arn:aws:ec2:us-east-1:345594569214:security-group/sg-09aaf0be13bbbcc13",
            "description": "EKS Cluster Communication Inbound rules",
            "egress": [
              {
                "cidr_blocks": [
                  "0.0.0.0/0"
                ],
                "description": "",
                "from_port": 0,
                "ipv6_cidr_blocks": [],
                "prefix_list_ids": [],
                "protocol": "-1",
                "security_groups": [],
                "self": false,
                "to_port": 0
              }
            ],
            "id": "sg-09aaf0be13bbbcc13",
            "ingress": [
              {
                "cidr_blocks": [
                  "0.0.0.0/0"
                ],
                "description": "HTTP access",
                "from_port": 80,
                "ipv6_cidr_blocks": [],
                "prefix_list_ids": [],
                "protocol": "tcp",
                "security_groups": [],
                "self": false,
                "to_port": 80
              },
              {
                "cidr_blocks": [
                  "0.0.0.0/0"
                ],
                "description": "HTTPS access",
                "from_port": 443,
                "ipv6_cidr_blocks": [],
                "prefix_list_ids": [],
                "protocol": "tcp",
                "security_groups": [],
                "self": false,
                "to_port": 443
              },
              {
                "cidr_blocks": [
                  "0.0.0.0/0"
                ],
                "description": "SSH access",
                "from_port": 22,
                "ipv6_cidr_blocks": [],
                "prefix_list_ids": [],
                "protocol": "tcp",
                "security_groups": [],
                "self": false,
                "to_port": 22
              }
            ],
            "name": "eks-sg",
            "name_prefix": "",
            "owner_id": "345594569214",
            "revoke_rules_on_delete": false,
            "tags": {
              "Application": "EKS",
              "Environment": "Test",
              "Name": "eks-sg",
              "Owner": "Krishna"
            },
            "tags_all": {
              "Application": "EKS",
              "Environment": "Test",
              "Name": "eks-sg",
              "Owner": "Krishna"
            },
            "timeouts": null,
            "vpc_id": "vpc-01432e0a92659755d"
          },
          "sensitive_attributes": [],
          "private": "eyJlMmJmYjczMC1lY2FhLTExZTYtOGY4OC0zNDM2M2JjN2M0YzAiOnsiY3JlYXRlIjo2MDAwMDAwMDAwMDAsImRlbGV0ZSI6OTAwMDAwMDAwMDAwfSwic2NoZW1hX3ZlcnNpb24iOiIxIn0=",
          "dependencies": [
            "module.vpc.aws_vpc.main"
          ]
        }
      ]
    },
    {
      "module": "module.iam",
      "mode": "managed",
      "type": "aws_iam_role",
      "name": "cluster-roles",
      "provider": "provider[\"registry.terraform.io/hashicorp/aws\"]",
      "instances": [
        {
          "index_key": "role1",
          "schema_version": 0,
          "attributes": {
            "arn": "arn:aws:iam::345594569214:role/master",
            "assume_role_policy": "{\"Statement\":[{\"Action\":\"sts:AssumeRole\",\"Effect\":\"Allow\",\"Principal\":{\"Service\":\"eks.amazonaws.com\"}}],\"Version\":\"2012-10-17\"}",
            "create_date": "2024-09-04T11:43:17Z",
            "description": "",
            "force_detach_policies": false,
            "id": "master",
            "inline_policy": [],
            "managed_policy_arns": [
              "arn:aws:iam::aws:policy/AmazonEKSClusterPolicy",
              "arn:aws:iam::aws:policy/AmazonEKSServicePolicy",
              "arn:aws:iam::aws:policy/AmazonEKSVPCResourceController"
            ],
            "max_session_duration": 3600,
            "name": "master",
            "name_prefix": "",
            "path": "/",
            "permissions_boundary": "",
            "tags": {},
            "tags_all": {},
            "unique_id": "AROAVA5YKUH7FTJPD3UDV"
          },
          "sensitive_attributes": [],
          "private": "bnVsbA=="
        },
        {
          "index_key": "role2",
          "schema_version": 0,
          "attributes": {
            "arn": "arn:aws:iam::345594569214:role/nodes",
            "assume_role_policy": "{\"Statement\":[{\"Action\":\"sts:AssumeRole\",\"Effect\":\"Allow\",\"Principal\":{\"Service\":\"eks.amazonaws.com\"}}],\"Version\":\"2012-10-17\"}",
            "create_date": "2024-09-04T11:43:17Z",
            "description": "",
            "force_detach_policies": false,
            "id": "nodes",
            "inline_policy": [],
            "managed_policy_arns": [
              "arn:aws:iam::aws:policy/AmazonEC2ContainerRegistryReadOnly",
              "arn:aws:iam::aws:policy/AmazonEKSWorkerNodePolicy",
              "arn:aws:iam::aws:policy/AmazonEKS_CNI_Policy",
              "arn:aws:iam::aws:policy/AmazonS3ReadOnlyAccess",
              "arn:aws:iam::aws:policy/AmazonSSMManagedInstanceCore"
            ],
            "max_session_duration": 3600,
            "name": "nodes",
            "name_prefix": "",
            "path": "/",
            "permissions_boundary": "",
            "tags": {},
            "tags_all": {},
            "unique_id": "AROAVA5YKUH7ISIA6AVDH"
          },
          "sensitive_attributes": [],
          "private": "bnVsbA=="
        }
      ]
    },
    {
      "module": "module.iam",
      "mode": "managed",
      "type": "aws_iam_role_policy_attachment",
      "name": "master_role_policies",
      "provider": "provider[\"registry.terraform.io/hashicorp/aws\"]",
      "instances": [
        {
          "index_key": "AmazonEKSClusterPolicy",
          "schema_version": 0,
          "attributes": {
            "id": "master-20240904114319184700000007",
            "policy_arn": "arn:aws:iam::aws:policy/AmazonEKSClusterPolicy",
            "role": "master"
          },
          "sensitive_attributes": [],
          "private": "bnVsbA==",
          "dependencies": [
            "module.iam.aws_iam_role.cluster-roles"
          ]
        },
        {
          "index_key": "AmazonEKSServicePolicy",
          "schema_version": 0,
          "attributes": {
            "id": "master-20240904114319120500000006",
            "policy_arn": "arn:aws:iam::aws:policy/AmazonEKSServicePolicy",
            "role": "master"
          },
          "sensitive_attributes": [],
          "private": "bnVsbA==",
          "dependencies": [
            "module.iam.aws_iam_role.cluster-roles"
          ]
        },
        {
          "index_key": "AmazonEKSVPCResourceController",
          "schema_version": 0,
          "attributes": {
            "id": "master-20240904114318501700000001",
            "policy_arn": "arn:aws:iam::aws:policy/AmazonEKSVPCResourceController",
            "role": "master"
          },
          "sensitive_attributes": [],
          "private": "bnVsbA==",
          "dependencies": [
            "module.iam.aws_iam_role.cluster-roles"
          ]
        }
      ]
    },
    {
      "module": "module.iam",
      "mode": "managed",
      "type": "aws_iam_role_policy_attachment",
      "name": "node_role_policies",
      "provider": "provider[\"registry.terraform.io/hashicorp/aws\"]",
      "instances": [
        {
          "index_key": "AmazonEC2ContainerRegistryReadOnly",
          "schema_version": 0,
          "attributes": {
            "id": "nodes-20240904114319080200000005",
            "policy_arn": "arn:aws:iam::aws:policy/AmazonEC2ContainerRegistryReadOnly",
            "role": "nodes"
          },
          "sensitive_attributes": [],
          "private": "bnVsbA==",
          "dependencies": [
            "module.iam.aws_iam_role.cluster-roles"
          ]
        },
        {
          "index_key": "AmazonEKSWorkerNodePolicy",
          "schema_version": 0,
          "attributes": {
            "id": "nodes-20240904114318788400000003",
            "policy_arn": "arn:aws:iam::aws:policy/AmazonEKSWorkerNodePolicy",
            "role": "nodes"
          },
          "sensitive_attributes": [],
          "private": "bnVsbA==",
          "dependencies": [
            "module.iam.aws_iam_role.cluster-roles"
          ]
        },
        {
          "index_key": "AmazonEKS_CNI_Policy",
          "schema_version": 0,
          "attributes": {
            "id": "nodes-20240904114318823400000004",
            "policy_arn": "arn:aws:iam::aws:policy/AmazonEKS_CNI_Policy",
            "role": "nodes"
          },
          "sensitive_attributes": [],
          "private": "bnVsbA==",
          "dependencies": [
            "module.iam.aws_iam_role.cluster-roles"
          ]
        },
        {
          "index_key": "AmazonS3ReadOnlyAccess",
          "schema_version": 0,
          "attributes": {
            "id": "nodes-20240904114318541900000002",
            "policy_arn": "arn:aws:iam::aws:policy/AmazonS3ReadOnlyAccess",
            "role": "nodes"
          },
          "sensitive_attributes": [],
          "private": "bnVsbA==",
          "dependencies": [
            "module.iam.aws_iam_role.cluster-roles"
          ]
        },
        {
          "index_key": "AmazonSSMManagedInstanceCore",
          "schema_version": 0,
          "attributes": {
            "id": "nodes-20240904114319219900000008",
            "policy_arn": "arn:aws:iam::aws:policy/AmazonSSMManagedInstanceCore",
            "role": "nodes"
          },
          "sensitive_attributes": [],
          "private": "bnVsbA==",
          "dependencies": [
            "module.iam.aws_iam_role.cluster-roles"
          ]
        }
      ]
    },
    {
      "module": "module.subnets",
      "mode": "managed",
      "type": "aws_subnet",
      "name": "subnets",
      "provider": "provider[\"registry.terraform.io/hashicorp/aws\"]",
      "instances": [
        {
          "index_key": "private-subnet-1",
          "schema_version": 1,
          "attributes": {
            "arn": "arn:aws:ec2:us-east-1:345594569214:subnet/subnet-0e313dbe5f1bebc3e",
            "assign_ipv6_address_on_creation": false,
            "availability_zone": "us-east-1a",
            "availability_zone_id": "use1-az2",
            "cidr_block": "10.0.4.0/24",
            "customer_owned_ipv4_pool": "",
            "enable_dns64": false,
            "enable_lni_at_device_index": 0,
            "enable_resource_name_dns_a_record_on_launch": false,
            "enable_resource_name_dns_aaaa_record_on_launch": false,
            "id": "subnet-0e313dbe5f1bebc3e",
            "ipv6_cidr_block": "",
            "ipv6_cidr_block_association_id": "",
            "ipv6_native": false,
            "map_customer_owned_ip_on_launch": false,
            "map_public_ip_on_launch": false,
            "outpost_arn": "",
            "owner_id": "345594569214",
            "private_dns_hostname_type_on_launch": "ip-name",
            "tags": {
              "Application": "EKS",
              "Environment": "Test",
              "Name": "private-subnet-1",
              "Owner": "Krishna"
            },
            "tags_all": {
              "Application": "EKS",
              "Environment": "Test",
              "Name": "private-subnet-1",
              "Owner": "Krishna"
            },
            "timeouts": null,
            "vpc_id": "vpc-01432e0a92659755d"
          },
          "sensitive_attributes": [],
          "private": "eyJlMmJmYjczMC1lY2FhLTExZTYtOGY4OC0zNDM2M2JjN2M0YzAiOnsiY3JlYXRlIjo2MDAwMDAwMDAwMDAsImRlbGV0ZSI6MTIwMDAwMDAwMDAwMH0sInNjaGVtYV92ZXJzaW9uIjoiMSJ9",
          "dependencies": [
            "module.vpc.aws_vpc.main"
          ]
        },
        {
          "index_key": "private-subnet-2",
          "schema_version": 1,
          "attributes": {
            "arn": "arn:aws:ec2:us-east-1:345594569214:subnet/subnet-044704b44bc5fe520",
            "assign_ipv6_address_on_creation": false,
            "availability_zone": "us-east-1b",
            "availability_zone_id": "use1-az4",
            "cidr_block": "10.0.5.0/24",
            "customer_owned_ipv4_pool": "",
            "enable_dns64": false,
            "enable_lni_at_device_index": 0,
            "enable_resource_name_dns_a_record_on_launch": false,
            "enable_resource_name_dns_aaaa_record_on_launch": false,
            "id": "subnet-044704b44bc5fe520",
            "ipv6_cidr_block": "",
            "ipv6_cidr_block_association_id": "",
            "ipv6_native": false,
            "map_customer_owned_ip_on_launch": false,
            "map_public_ip_on_launch": false,
            "outpost_arn": "",
            "owner_id": "345594569214",
            "private_dns_hostname_type_on_launch": "ip-name",
            "tags": {
              "Application": "EKS",
              "Environment": "Test",
              "Name": "private-subnet-2",
              "Owner": "Krishna"
            },
            "tags_all": {
              "Application": "EKS",
              "Environment": "Test",
              "Name": "private-subnet-2",
              "Owner": "Krishna"
            },
            "timeouts": null,
            "vpc_id": "vpc-01432e0a92659755d"
          },
          "sensitive_attributes": [],
          "private": "eyJlMmJmYjczMC1lY2FhLTExZTYtOGY4OC0zNDM2M2JjN2M0YzAiOnsiY3JlYXRlIjo2MDAwMDAwMDAwMDAsImRlbGV0ZSI6MTIwMDAwMDAwMDAwMH0sInNjaGVtYV92ZXJzaW9uIjoiMSJ9",
          "dependencies": [
            "module.vpc.aws_vpc.main"
          ]
        },
        {
          "index_key": "public-subnet-1",
          "schema_version": 1,
          "attributes": {
            "arn": "arn:aws:ec2:us-east-1:345594569214:subnet/subnet-0ceb69133321f4cd8",
            "assign_ipv6_address_on_creation": false,
            "availability_zone": "us-east-1a",
            "availability_zone_id": "use1-az2",
            "cidr_block": "10.0.1.0/24",
            "customer_owned_ipv4_pool": "",
            "enable_dns64": false,
            "enable_lni_at_device_index": 0,
            "enable_resource_name_dns_a_record_on_launch": false,
            "enable_resource_name_dns_aaaa_record_on_launch": false,
            "id": "subnet-0ceb69133321f4cd8",
            "ipv6_cidr_block": "",
            "ipv6_cidr_block_association_id": "",
            "ipv6_native": false,
            "map_customer_owned_ip_on_launch": false,
            "map_public_ip_on_launch": true,
            "outpost_arn": "",
            "owner_id": "345594569214",
            "private_dns_hostname_type_on_launch": "ip-name",
            "tags": {
              "Application": "EKS",
              "Environment": "Test",
              "Name": "public-subnet-1",
              "Owner": "Krishna"
            },
            "tags_all": {
              "Application": "EKS",
              "Environment": "Test",
              "Name": "public-subnet-1",
              "Owner": "Krishna"
            },
            "timeouts": null,
            "vpc_id": "vpc-01432e0a92659755d"
          },
          "sensitive_attributes": [],
          "private": "eyJlMmJmYjczMC1lY2FhLTExZTYtOGY4OC0zNDM2M2JjN2M0YzAiOnsiY3JlYXRlIjo2MDAwMDAwMDAwMDAsImRlbGV0ZSI6MTIwMDAwMDAwMDAwMH0sInNjaGVtYV92ZXJzaW9uIjoiMSJ9",
          "dependencies": [
            "module.vpc.aws_vpc.main"
          ]
        },
        {
          "index_key": "public-subnet-2",
          "schema_version": 1,
          "attributes": {
            "arn": "arn:aws:ec2:us-east-1:345594569214:subnet/subnet-0b4c03d1555da6bf9",
            "assign_ipv6_address_on_creation": false,
            "availability_zone": "us-east-1b",
            "availability_zone_id": "use1-az4",
            "cidr_block": "10.0.2.0/24",
            "customer_owned_ipv4_pool": "",
            "enable_dns64": false,
            "enable_lni_at_device_index": 0,
            "enable_resource_name_dns_a_record_on_launch": false,
            "enable_resource_name_dns_aaaa_record_on_launch": false,
            "id": "subnet-0b4c03d1555da6bf9",
            "ipv6_cidr_block": "",
            "ipv6_cidr_block_association_id": "",
            "ipv6_native": false,
            "map_customer_owned_ip_on_launch": false,
            "map_public_ip_on_launch": true,
            "outpost_arn": "",
            "owner_id": "345594569214",
            "private_dns_hostname_type_on_launch": "ip-name",
            "tags": {
              "Application": "EKS",
              "Environment": "Test",
              "Name": "public-subnet-2",
              "Owner": "Krishna"
            },
            "tags_all": {
              "Application": "EKS",
              "Environment": "Test",
              "Name": "public-subnet-2",
              "Owner": "Krishna"
            },
            "timeouts": null,
            "vpc_id": "vpc-01432e0a92659755d"
          },
          "sensitive_attributes": [],
          "private": "eyJlMmJmYjczMC1lY2FhLTExZTYtOGY4OC0zNDM2M2JjN2M0YzAiOnsiY3JlYXRlIjo2MDAwMDAwMDAwMDAsImRlbGV0ZSI6MTIwMDAwMDAwMDAwMH0sInNjaGVtYV92ZXJzaW9uIjoiMSJ9",
          "dependencies": [
            "module.vpc.aws_vpc.main"
          ]
        },
        {
          "index_key": "public-subnet-3",
          "schema_version": 1,
          "attributes": {
            "arn": "arn:aws:ec2:us-east-1:345594569214:subnet/subnet-09f65154a68c568e6",
            "assign_ipv6_address_on_creation": false,
            "availability_zone": "us-east-1c",
            "availability_zone_id": "use1-az6",
            "cidr_block": "10.0.3.0/24",
            "customer_owned_ipv4_pool": "",
            "enable_dns64": false,
            "enable_lni_at_device_index": 0,
            "enable_resource_name_dns_a_record_on_launch": false,
            "enable_resource_name_dns_aaaa_record_on_launch": false,
            "id": "subnet-09f65154a68c568e6",
            "ipv6_cidr_block": "",
            "ipv6_cidr_block_association_id": "",
            "ipv6_native": false,
            "map_customer_owned_ip_on_launch": false,
            "map_public_ip_on_launch": true,
            "outpost_arn": "",
            "owner_id": "345594569214",
            "private_dns_hostname_type_on_launch": "ip-name",
            "tags": {
              "Application": "EKS",
              "Environment": "Test",
              "Name": "public-subnet-3",
              "Owner": "Krishna"
            },
            "tags_all": {
              "Application": "EKS",
              "Environment": "Test",
              "Name": "public-subnet-3",
              "Owner": "Krishna"
            },
            "timeouts": null,
            "vpc_id": "vpc-01432e0a92659755d"
          },
          "sensitive_attributes": [],
          "private": "eyJlMmJmYjczMC1lY2FhLTExZTYtOGY4OC0zNDM2M2JjN2M0YzAiOnsiY3JlYXRlIjo2MDAwMDAwMDAwMDAsImRlbGV0ZSI6MTIwMDAwMDAwMDAwMH0sInNjaGVtYV92ZXJzaW9uIjoiMSJ9",
          "dependencies": [
            "module.vpc.aws_vpc.main"
          ]
        }
      ]
    },
    {
      "module": "module.vpc",
      "mode": "managed",
      "type": "aws_vpc",
      "name": "main",
      "provider": "provider[\"registry.terraform.io/hashicorp/aws\"]",
      "instances": [
        {
          "schema_version": 1,
          "attributes": {
            "arn": "arn:aws:ec2:us-east-1:345594569214:vpc/vpc-01432e0a92659755d",
            "assign_generated_ipv6_cidr_block": false,
            "cidr_block": "10.0.0.0/16",
            "default_network_acl_id": "acl-06fed2a9762c294bd",
            "default_route_table_id": "rtb-0e7217328235d2107",
            "default_security_group_id": "sg-02095acb4d82223c7",
            "dhcp_options_id": "dopt-054988f550eda097c",
            "enable_dns_hostnames": true,
            "enable_dns_support": true,
            "enable_network_address_usage_metrics": false,
            "id": "vpc-01432e0a92659755d",
            "instance_tenancy": "default",
            "ipv4_ipam_pool_id": null,
            "ipv4_netmask_length": null,
            "ipv6_association_id": "",
            "ipv6_cidr_block": "",
            "ipv6_cidr_block_network_border_group": "",
            "ipv6_ipam_pool_id": "",
            "ipv6_netmask_length": 0,
            "main_route_table_id": "rtb-0e7217328235d2107",
            "owner_id": "345594569214",
            "tags": {
              "Application": "EKS",
              "Environment": "Test",
              "Name": "eks-vpc",
              "Owner": "Krishna"
            },
            "tags_all": {
              "Application": "EKS",
              "Environment": "Test",
              "Name": "eks-vpc",
              "Owner": "Krishna"
            }
          },
          "sensitive_attributes": [],
          "private": "eyJzY2hlbWFfdmVyc2lvbiI6IjEifQ=="
        }
      ]
    }
  ],
  "check_results": null
}
